
Microsoft Visual Studio Solution File, Format Version 12.00
# Visual Studio 2013
VisualStudioVersion = 12.0.30723.0
MinimumVisualStudioVersion = 10.0.40219.1
Project("{FAE04EC0-301F-11D3-BF4B-00C04F79EFBC}") = "DocDB-CMS", "DocDB-CMS\DocDB-CMS.csproj", "{1C6626EC-0798-4D61-B97F-0E6C7FEC891E}"
EndProject
Project("{2150E333-8FDC-42A3-9474-1A3956D46DE8}") = "PublishScripts", "PublishScripts", "{ADFE36AB-9B3C-4A19-B11F-7A7F2CE7D3E2}"
	ProjectSection(SolutionItems) = preProject
		PublishScripts\AzureWebsitePublishModule.psm1 = PublishScripts\AzureWebsitePublishModule.psm1
		PublishScripts\Publish-WebApplicationWebsite.ps1 = PublishScripts\Publish-WebApplicationWebsite.ps1
	EndProjectSection
EndProject
Project("{2150E333-8FDC-42A3-9474-1A3956D46DE8}") = "Configurations", "Configurations", "{A15A6504-C31F-42C6-9F01-6F1A2A1E0313}"
	ProjectSection(SolutionItems) = preProject
		PublishScripts\Configurations\DocDB-CMS-WAWS-dev.json = PublishScripts\Configurations\DocDB-CMS-WAWS-dev.json
	EndProjectSection
EndProject
Global
	GlobalSection(SolutionConfigurationPlatforms) = preSolution
		Debug|Any CPU = Debug|Any CPU
		Release|Any CPU = Release|Any CPU
	EndGlobalSection
	GlobalSection(ProjectConfigurationPlatforms) = postSolution
		{1C6626EC-0798-4D61-B97F-0E6C7FEC891E}.Debug|Any CPU.ActiveCfg = Debug|Any CPU
		{1C6626EC-0798-4D61-B97F-0E6C7FEC891E}.Debug|Any CPU.Build.0 = Debug|Any CPU
		{1C6626EC-0798-4D61-B97F-0E6C7FEC891E}.Release|Any CPU.ActiveCfg = Release|Any CPU
		{1C6626EC-0798-4D61-B97F-0E6C7FEC891E}.Release|Any CPU.Build.0 = Release|Any CPU
	EndGlobalSection
	GlobalSection(SolutionProperties) = preSolution
		HideSolutionNode = FALSE
	EndGlobalSection
	GlobalSection(NestedProjects) = preSolution
		{A15A6504-C31F-42C6-9F01-6F1A2A1E0313} = {ADFE36AB-9B3C-4A19-B11F-7A7F2CE7D3E2}
	EndGlobalSection
EndGlobal
